
Microsoft Visual Studio Solution File, Format Version 12.00
# Visual Studio Version 16
VisualStudioVersion = 16.0.30804.86
MinimumVisualStudioVersion = 10.0.40219.1
Project("{FAE04EC0-301F-11D3-BF4B-00C04F79EFBC}") = "ServiceMessenger", "ServiceMessenger.csproj", "{BB876EDB-6C33-48E5-B604-14FD8EC7C7DA}"
EndProject
Global
	GlobalSection(SolutionConfigurationPlatforms) = preSolution
		Debug|Any CPU = Debug|Any CPU
		Release|Any CPU = Release|Any CPU
	EndGlobalSection
	GlobalSection(ProjectConfigurationPlatforms) = postSolution
		{BB876EDB-6C33-48E5-B604-14FD8EC7C7DA}.Debug|Any CPU.ActiveCfg = Debug|Any CPU
		{BB876EDB-6C33-48E5-B604-14FD8EC7C7DA}.Debug|Any CPU.Build.0 = Debug|Any CPU
		{BB876EDB-6C33-48E5-B604-14FD8EC7C7DA}.Release|Any CPU.ActiveCfg = Release|Any CPU
		{BB876EDB-6C33-48E5-B604-14FD8EC7C7DA}.Release|Any CPU.Build.0 = Release|Any CPU
	EndGlobalSection
	GlobalSection(SolutionProperties) = preSolution
		HideSolutionNode = FALSE
	EndGlobalSection
	GlobalSection(ExtensibilityGlobals) = postSolution
		SolutionGuid = {4AFDC87F-63D3-489B-9532-15DAF6283CFC}
	EndGlobalSection
EndGlobal
